// !$*UTF8*$!
{
	archiveVersion = 1;
	classes = {
	};
	objectVersion = 50;
	objects = {

/* Begin PBXBuildFile section */
		3C99B2D723712FB500732B4C /* AppDelegate.swift in Sources */ = {isa = PBXBuildFile; fileRef = 3C99B2D623712FB500732B4C /* AppDelegate.swift */; };
		3C99B2D923712FB500732B4C /* ViewController.swift in Sources */ = {isa = PBXBuildFile; fileRef = 3C99B2D823712FB500732B4C /* ViewController.swift */; };
		3C99B2DC23712FB500732B4C /* Main.storyboard in Resources */ = {isa = PBXBuildFile; fileRef = 3C99B2DA23712FB500732B4C /* Main.storyboard */; };
		3C99B2DE23712FB600732B4C /* Assets.xcassets in Resources */ = {isa = PBXBuildFile; fileRef = 3C99B2DD23712FB600732B4C /* Assets.xcassets */; };
		3C99B2E123712FB600732B4C /* LaunchScreen.storyboard in Resources */ = {isa = PBXBuildFile; fileRef = 3C99B2DF23712FB600732B4C /* LaunchScreen.storyboard */; };
		3C99B2EA23712FE700732B4C /* MapKit.framework in Frameworks */ = {isa = PBXBuildFile; fileRef = 3C99B2E923712FE700732B4C /* MapKit.framework */; };
		3C99B2EC2371300700732B4C /* CoreLocation.framework in Frameworks */ = {isa = PBXBuildFile; fileRef = 3C99B2EB2371300700732B4C /* CoreLocation.framework */; };
/* End PBXBuildFile section */

/* Begin PBXFileReference section */
		3C99B2D323712FB400732B4C /* Simple CoreLocation 01.app */ = {isa = PBXFileReference; explicitFileType = wrapper.application; includeInIndex = 0; path = "Simple CoreLocation 01.app"; sourceTree = BUILT_PRODUCTS_DIR; };
		3C99B2D623712FB500732B4C /* AppDelegate.swift */ = {isa = PBXFileReference; lastKnownFileType = sourcecode.swift; path = AppDelegate.swift; sourceTree = "<group>"; };
		3C99B2D823712FB500732B4C /* ViewController.swift */ = {isa = PBXFileReference; lastKnownFileType = sourcecode.swift; path = ViewController.swift; sourceTree = "<group>"; };
		3C99B2DB23712FB500732B4C /* Base */ = {isa = PBXFileReference; lastKnownFileType = file.storyboard; name = Base; path = Base.lproj/Main.storyboard; sourceTree = "<group>"; };
		3C99B2DD23712FB600732B4C /* Assets.xcassets */ = {isa = PBXFileReference; lastKnownFileType = folder.assetcatalog; path = Assets.xcassets; sourceTree = "<group>"; };
		3C99B2E023712FB600732B4C /* Base */ = {isa = PBXFileReference; lastKnownFileType = file.storyboard; name = Base; path = Base.lproj/LaunchScreen.storyboard; sourceTree = "<group>"; };
		3C99B2E223712FB600732B4C /* Info.plist */ = {isa = PBXFileReference; lastKnownFileType = text.plist.xml; path = Info.plist; sourceTree = "<group>"; };
		3C99B2E923712FE700732B4C /* MapKit.framework */ = {isa = PBXFileReference; lastKnownFileType = wrapper.framework; name = MapKit.framework; path = System/Library/Frameworks/MapKit.framework; sourceTree = SDKROOT; };
		3C99B2EB2371300700732B4C /* CoreLocation.framework */ = {isa = PBXFileReference; lastKnownFileType = wrapper.framework; name = CoreLocation.framework; path = System/Library/Frameworks/CoreLocation.framework; sourceTree = SDKROOT; };
/* End PBXFileReference section */

/* Begin PBXFrameworksBuildPhase section */
		3C99B2D023712FB400732B4C /* Frameworks */ = {
			isa = PBXFrameworksBuildPhase;
			buildActionMask = 2147483647;
			files = (
				3C99B2EC2371300700732B4C /* CoreLocation.framework in Frameworks */,
				3C99B2EA23712FE700732B4C /* MapKit.framework in Frameworks */,
			);
			runOnlyForDeploymentPostprocessing = 0;
		};
/* End PBXFrameworksBuildPhase section */

/* Begin PBXGroup section */
		3C99B2CA23712FB400732B4C = {
			isa = PBXGroup;
			children = (
				3C99B2D523712FB400732B4C /* Simple CoreLocation 01 */,
				3C99B2D423712FB400732B4C /* Products */,
				3C99B2E823712FE700732B4C /* Frameworks */,
			);
			sourceTree = "<group>";
		};
		3C99B2D423712FB400732B4C /* Products */ = {
			isa = PBXGroup;
			children = (
				3C99B2D323712FB400732B4C /* Simple CoreLocation 01.app */,
			);
			name = Products;
			sourceTree = "<group>";
		};
		3C99B2D523712FB400732B4C /* Simple CoreLocation 01 */ = {
			isa = PBXGroup;
			children = (
				3C99B2D623712FB500732B4C /* AppDelegate.swift */,
				3C99B2D823712FB500732B4C /* ViewController.swift */,
				3C99B2DA23712FB500732B4C /* Main.storyboard */,
				3C99B2DD23712FB600732B4C /* Assets.xcassets */,
				3C99B2DF23712FB600732B4C /* LaunchScreen.storyboard */,
				3C99B2E223712FB600732B4C /* Info.plist */,
			);
			path = "Simple CoreLocation 01";
			sourceTree = "<group>";
		};
		3C99B2E823712FE700732B4C /* Frameworks */ = {
			isa = PBXGroup;
			children = (
				3C99B2EB2371300700732B4C /* CoreLocation.framework */,
				3C99B2E923712FE700732B4C /* MapKit.framework */,
			);
			name = Frameworks;
			sourceTree = "<group>";
		};
/* End PBXGroup section */

/* Begin PBXNativeTarget section */
		3C99B2D223712FB400732B4C /* Simple CoreLocation 01 */ = {
			isa = PBXNativeTarget;
			buildConfigurationList = 3C99B2E523712FB600732B4C /* Build configuration list for PBXNativeTarget "Simple CoreLocation 01" */;
			buildPhases = (
				3C99B2CF23712FB400732B4C /* Sources */,
				3C99B2D023712FB400732B4C /* Frameworks */,
				3C99B2D123712FB400732B4C /* Resources */,
			);
			buildRules = (
			);
			dependencies = (
			);
			name = "Simple CoreLocation 01";
			productName = "Simple CoreLocation 01";
			productReference = 3C99B2D323712FB400732B4C /* Simple CoreLocation 01.app */;
			productType = "com.apple.product-type.application";
		};
/* End PBXNativeTarget section */

/* Begin PBXProject section */
		3C99B2CB23712FB400732B4C /* Project object */ = {
			isa = PBXProject;
			attributes = {
				LastSwiftUpdateCheck = 1010;
				LastUpgradeCheck = 1010;
				ORGANIZATIONNAME = "Personal Team";
				TargetAttributes = {
					3C99B2D223712FB400732B4C = {
						CreatedOnToolsVersion = 10.1;
					};
				};
			};
			buildConfigurationList = 3C99B2CE23712FB400732B4C /* Build configuration list for PBXProject "Simple CoreLocation 01" */;
			compatibilityVersion = "Xcode 9.3";
			developmentRegion = en;
			hasScannedForEncodings = 0;
			knownRegions = (
				en,
				Base,
			);
			mainGroup = 3C99B2CA23712FB400732B4C;
			productRefGroup = 3C99B2D423712FB400732B4C /* Products */;
			projectDirPath = "";
			projectRoot = "";
			targets = (
				3C99B2D223712FB400732B4C /* Simple CoreLocation 01 */,
			);
		};
/* End PBXProject section */

/* Begin PBXResourcesBuildPhase section */
		3C99B2D123712FB400732B4C /* Resources */ = {
			isa = PBXResourcesBuildPhase;
			buildActionMask = 2147483647;
			files = (
				3C99B2E123712FB600732B4C /* LaunchScreen.storyboard in Resources */,
				3C99B2DE23712FB600732B4C /* Assets.xcassets in Resources */,
				3C99B2DC23712FB500732B4C /* Main.storyboard in Resources */,
			);
			runOnlyForDeploymentPostprocessing = 0;
		};
/* End PBXResourcesBuildPhase section */

/* Begin PBXSourcesBuildPhase section */
		3C99B2CF23712FB400732B4C /* Sources */ = {
			isa = PBXSourcesBuildPhase;
			buildActionMask = 2147483647;
			files = (
				3C99B2D923712FB500732B4C /* ViewController.swift in Sources */,
				3C99B2D723712FB500732B4C /* AppDelegate.swift in Sources */,
			);
			runOnlyForDeploymentPostprocessing = 0;
		};
/* End PBXSourcesBuildPhase section */

/* Begin PBXVariantGroup section */
		3C99B2DA23712FB500732B4C /* Main.storyboard */ = {
			isa = PBXVariantGroup;
			children = (
				3C99B2DB23712FB500732B4C /* Base */,
			);
			name = Main.storyboard;
			sourceTree = "<group>";
		};
		3C99B2DF23712FB600732B4C /* LaunchScreen.storyboard */ = {
			isa = PBXVariantGroup;
			children = (
				3C99B2E023712FB600732B4C /* Base */,
			);
			name = LaunchScreen.storyboard;
			sourceTree = "<group>";
		};
/* End PBXVariantGroup section */

/* Begin XCBuildConfiguration section */
		3C99B2E323712FB600732B4C /* Debug */ = {
			isa = XCBuildConfiguration;
			buildSettings = {
				ALWAYS_SEARCH_USER_PATHS = NO;
				CLANG_ANALYZER_NONNULL = YES;
				CLANG_ANALYZER_NUMBER_OBJECT_CONVERSION = YES_AGGRESSIVE;
				CLANG_CXX_LANGUAGE_STANDARD = "gnu++14";
				CLANG_CXX_LIBRARY = "libc++";
				CLANG_ENABLE_MODULES = YES;
				CLANG_ENABLE_OBJC_ARC = YES;
				CLANG_ENABLE_OBJC_WEAK = YES;
				CLANG_WARN_BLOCK_CAPTURE_AUTORELEASING = YES;
				CLANG_WARN_BOOL_CONVERSION = YES;
				CLANG_WARN_COMMA = YES;
				CLANG_WARN_CONSTANT_CONVERSION = YES;
				CLANG_WARN_DEPRECATED_OBJC_IMPLEMENTATIONS = YES;
				CLANG_WARN_DIRECT_OBJC_ISA_USAGE = YES_ERROR;
				CLANG_WARN_DOCUMENTATION_COMMENTS = YES;
				CLANG_WARN_EMPTY_BODY = YES;
				CLANG_WARN_ENUM_CONVERSION = YES;
				CLANG_WARN_INFINITE_RECURSION = YES;
				CLANG_WARN_INT_CONVERSION = YES;
				CLANG_WARN_NON_LITERAL_NULL_CONVERSION = YES;
				CLANG_WARN_OBJC_IMPLICIT_RETAIN_SELF = YES;
				CLANG_WARN_OBJC_LITERAL_CONVERSION = YES;
				CLANG_WARN_OBJC_ROOT_CLASS = YES_ERROR;
				CLANG_WARN_RANGE_LOOP_ANALYSIS = YES;
				CLANG_WARN_STRICT_PROTOTYPES = YES;
				CLANG_WARN_SUSPICIOUS_MOVE = YES;
				CLANG_WARN_UNGUARDED_AVAILABILITY = YES_AGGRESSIVE;
				CLANG_WARN_UNREACHABLE_CODE = YES;
				CLANG_WARN__DUPLICATE_METHOD_MATCH = YES;
				CODE_SIGN_IDENTITY = "iPhone Developer";
				COPY_PHASE_STRIP = NO;
				DEBUG_INFORMATION_FORMAT = dwarf;
				ENABLE_STRICT_OBJC_MSGSEND = YES;
				ENABLE_TESTABILITY = YES;
				GCC_C_LANGUAGE_STANDARD = gnu11;
				GCC_DYNAMIC_NO_PIC = NO;
				GCC_NO_COMMON_BLOCKS = YES;
				GCC_OPTIMIZATION_LEVEL = 0;
				GCC_PREPROCESSOR_DEFINITIONS = (
					"DEBUG=1",
					"$(inherited)",
				);
				GCC_WARN_64_TO_32_BIT_CONVERSION = YES;
				GCC_WARN_ABOUT_RETURN_TYPE = YES_ERROR;
				GCC_WARN_UNDECLARED_SELECTOR = YES;
				GCC_WARN_UNINITIALIZED_AUTOS = YES_AGGRESSIVE;
				GCC_WARN_UNUSED_FUNCTION = YES;
				GCC_WARN_UNUSED_VARIABLE = YES;
				IPHONEOS_DEPLOYMENT_TARGET = 12.1;
				MTL_ENABLE_DEBUG_INFO = INCLUDE_SOURCE;
				MTL_FAST_MATH = YES;
				ONLY_ACTIVE_ARCH = YES;
				SDKROOT = iphoneos;
				SWIFT_ACTIVE_COMPILATION_CONDITIONS = DEBUG;
				SWIFT_OPTIMIZATION_LEVEL = "-Onone";
			};
			name = Debug;
		};
		3C99B2E423712FB600732B4C /* Release */ = {
			isa = XCBuildConfiguration;
			buildSettings = {
				ALWAYS_SEARCH_USER_PATHS = NO;
				CLANG_ANALYZER_NONNULL = YES;
				CLANG_ANALYZER_NUMBER_OBJECT_CONVERSION = YES_AGGRESSIVE;
				CLANG_CXX_LANGUAGE_STANDARD = "gnu++14";
				CLANG_CXX_LIBRARY = "libc++";
				CLANG_ENABLE_MODULES = YES;
				CLANG_ENABLE_OBJC_ARC = YES;
				CLANG_ENABLE_OBJC_WEAK = YES;
				CLANG_WARN_BLOCK_CAPTURE_AUTORELEASING = YES;
				CLANG_WARN_BOOL_CONVERSION = YES;
				CLANG_WARN_COMMA = YES;
				CLANG_WARN_CONSTANT_CONVERSION = YES;
				CLANG_WARN_DEPRECATED_OBJC_IMPLEMENTATIONS = YES;
				CLANG_WARN_DIRECT_OBJC_ISA_USAGE = YES_ERROR;
				CLANG_WARN_DOCUMENTATION_COMMENTS = YES;
				CLANG_WARN_EMPTY_BODY = YES;
				CLANG_WARN_ENUM_CONVERSION = YES;
				CLANG_WARN_INFINITE_RECURSION = YES;
				CLANG_WARN_INT_CONVERSION = YES;
				CLANG_WARN_NON_LITERAL_NULL_CONVERSION = YES;
				CLANG_WARN_OBJC_IMPLICIT_RETAIN_SELF = YES;
				CLANG_WARN_OBJC_LITERAL_CONVERSION = YES;
				CLANG_WARN_OBJC_ROOT_CLASS = YES_ERROR;
				CLANG_WARN_RANGE_LOOP_ANALYSIS = YES;
				CLANG_WARN_STRICT_PROTOTYPES = YES;
				CLANG_WARN_SUSPICIOUS_MOVE = YES;
				CLANG_WARN_UNGUARDED_AVAILABILITY = YES_AGGRESSIVE;
				CLANG_WARN_UNREACHABLE_CODE = YES;
				CLANG_WARN__DUPLICATE_METHOD_MATCH = YES;
				CODE_SIGN_IDENTITY = "iPhone Developer";
				COPY_PHASE_STRIP = NO;
				DEBUG_INFORMATION_FORMAT = "dwarf-with-dsym";
				ENABLE_NS_ASSERTIONS = NO;
				ENABLE_STRICT_OBJC_MSGSEND = YES;
				GCC_C_LANGUAGE_STANDARD = gnu11;
				GCC_NO_COMMON_BLOCKS = YES;
				GCC_WARN_64_TO_32_BIT_CONVERSION = YES;
				GCC_WARN_ABOUT_RETURN_TYPE = YES_ERROR;
				GCC_WARN_UNDECLARED_SELECTOR = YES;
				GCC_WARN_UNINITIALIZED_AUTOS = YES_AGGRESSIVE;
				GCC_WARN_UNUSED_FUNCTION = YES;
				GCC_WARN_UNUSED_VARIABLE = YES;
				IPHONEOS_DEPLOYMENT_TARGET = 12.1;
				MTL_ENABLE_DEBUG_INFO = NO;
				MTL_FAST_MATH = YES;
				SDKROOT = iphoneos;
				SWIFT_COMPILATION_MODE = wholemodule;
				SWIFT_OPTIMIZATION_LEVEL = "-O";
				VALIDATE_PRODUCT = YES;
			};
			name = Release;
		};
		3C99B2E623712FB600732B4C /* Debug */ = {
			isa = XCBuildConfiguration;
			buildSettings = {
				ASSETCATALOG_COMPILER_APPICON_NAME = AppIcon;
				CODE_SIGN_STYLE = Automatic;
				INFOPLIST_FILE = "Simple CoreLocation 01/Info.plist";
				LD_RUNPATH_SEARCH_PATHS = (
					"$(inherited)",
					"@executable_path/Frameworks",
				);
				PRODUCT_BUNDLE_IDENTIFIER = "com.dit.Simple-CoreLocation-01";
				PRODUCT_NAME = "$(TARGET_NAME)";
				SWIFT_VERSION = 4.2;
				TARGETED_DEVICE_FAMILY = "1,2";
			};
			name = Debug;
		};
		3C99B2E723712FB600732B4C /* Release */ = {
			isa = XCBuildConfiguration;
			buildSettings = {
				ASSETCATALOG_COMPILER_APPICON_NAME = AppIcon;
				CODE_SIGN_STYLE = Automatic;
				INFOPLIST_FILE = "Simple CoreLocation 01/Info.plist";
				LD_RUNPATH_SEARCH_PATHS = (
					"$(inherited)",
					"@executable_path/Frameworks",
				);
				PRODUCT_BUNDLE_IDENTIFIER = "com.dit.Simple-CoreLocation-01";
				PRODUCT_NAME = "$(TARGET_NAME)";
				SWIFT_VERSION = 4.2;
				TARGETED_DEVICE_FAMILY = "1,2";
			};
			name = Release;
		};
/* End XCBuildConfiguration section */

/* Begin XCConfigurationList section */
		3C99B2CE23712FB400732B4C /* Build configuration list for PBXProject "Simple CoreLocation 01" */ = {
			isa = XCConfigurationList;
			buildConfigurations = (
				3C99B2E323712FB600732B4C /* Debug */,
				3C99B2E423712FB600732B4C /* Release */,
			);
			defaultConfigurationIsVisible = 0;
			defaultConfigurationName = Release;
		};
		3C99B2E523712FB600732B4C /* Build configuration list for PBXNativeTarget "Simple CoreLocation 01" */ = {
			isa = XCConfigurationList;
			buildConfigurations = (
				3C99B2E623712FB600732B4C /* Debug */,
				3C99B2E723712FB600732B4C /* Release */,
			);
			defaultConfigurationIsVisible = 0;
			defaultConfigurationName = Release;
		};
/* End XCConfigurationList section */
	};
	rootObject = 3C99B2CB23712FB400732B4C /* Project object */;
}
